
Microsoft Visual Studio Solution File, Format Version 12.00
# Visual Studio Version 16
VisualStudioVersion = 16.0.32802.440
MinimumVisualStudioVersion = 10.0.40219.1
Project("{FAE04EC0-301F-11D3-BF4B-00C04F79EFBC}") = "WyattsVideoPlayer", "WyattsVideoPlayer.csproj", "{1235ACB4-2CEB-4BD0-B9EF-34F4D88E5520}"
EndProject
Global
	GlobalSection(SolutionConfigurationPlatforms) = preSolution
		Debug|Any CPU = Debug|Any CPU
		Release|Any CPU = Release|Any CPU
	EndGlobalSection
	GlobalSection(ProjectConfigurationPlatforms) = postSolution
		{1235ACB4-2CEB-4BD0-B9EF-34F4D88E5520}.Debug|Any CPU.ActiveCfg = Debug|Any CPU
		{1235ACB4-2CEB-4BD0-B9EF-34F4D88E5520}.Debug|Any CPU.Build.0 = Debug|Any CPU
		{1235ACB4-2CEB-4BD0-B9EF-34F4D88E5520}.Release|Any CPU.ActiveCfg = Release|Any CPU
		{1235ACB4-2CEB-4BD0-B9EF-34F4D88E5520}.Release|Any CPU.Build.0 = Release|Any CPU
	EndGlobalSection
	GlobalSection(SolutionProperties) = preSolution
		HideSolutionNode = FALSE
	EndGlobalSection
	GlobalSection(ExtensibilityGlobals) = postSolution
		SolutionGuid = {8E9380E0-F1D6-4A1C-BC26-79EA1E38A60C}
	EndGlobalSection
EndGlobal
